// !$*UTF8*$!
{
	archiveVersion = 1;
	classes = {
	};
	objectVersion = 51;
	objects = {

/* Begin PBXBuildFile section */
		142967282637B10E00E6E0A6 /* QuizApp.swift in Sources */ = {isa = PBXBuildFile; fileRef = 142967272637B10E00E6E0A6 /* QuizApp.swift */; };
		1429672A2637B10E00E6E0A6 /* ContentView.swift in Sources */ = {isa = PBXBuildFile; fileRef = 142967292637B10E00E6E0A6 /* ContentView.swift */; };
		1429672C2637B10E00E6E0A6 /* Assets.xcassets in Resources */ = {isa = PBXBuildFile; fileRef = 1429672B2637B10E00E6E0A6 /* Assets.xcassets */; };
		1429672F2637B10E00E6E0A6 /* Preview Assets.xcassets in Resources */ = {isa = PBXBuildFile; fileRef = 1429672E2637B10E00E6E0A6 /* Preview Assets.xcassets */; };
		1429673A2637B10E00E6E0A6 /* QuizTests.swift in Sources */ = {isa = PBXBuildFile; fileRef = 142967392637B10E00E6E0A6 /* QuizTests.swift */; };
		142967452637B10E00E6E0A6 /* QuizUITests.swift in Sources */ = {isa = PBXBuildFile; fileRef = 142967442637B10E00E6E0A6 /* QuizUITests.swift */; };
		142967582637B1A400E6E0A6 /* Home.swift in Sources */ = {isa = PBXBuildFile; fileRef = 142967572637B1A400E6E0A6 /* Home.swift */; };
		1429675D2637B8F900E6E0A6 /* QA.swift in Sources */ = {isa = PBXBuildFile; fileRef = 1429675C2637B8F900E6E0A6 /* QA.swift */; };
		142967772637CE7000E6E0A6 /* GoogleService-Info.plist in Resources */ = {isa = PBXBuildFile; fileRef = 142967762637CE7000E6E0A6 /* GoogleService-Info.plist */; };
		1429677C2637CEDE00E6E0A6 /* Question.swift in Sources */ = {isa = PBXBuildFile; fileRef = 1429677B2637CEDE00E6E0A6 /* Question.swift */; };
		4F5CBE9AA019E13FE2E0F50E /* Pods_Quiz.framework in Frameworks */ = {isa = PBXBuildFile; fileRef = B1B866D4D2211753E4A76CD9 /* Pods_Quiz.framework */; };
		508F3BAE6675DA0D6978DC0E /* Pods_QuizTests.framework in Frameworks */ = {isa = PBXBuildFile; fileRef = 3D41053C1C661250BD29AB51 /* Pods_QuizTests.framework */; };
		D0D5977747D66FCF104A3B3D /* Pods_Quiz_QuizUITests.framework in Frameworks */ = {isa = PBXBuildFile; fileRef = 4C7106DFF60B53DE0059E03B /* Pods_Quiz_QuizUITests.framework */; };
/* End PBXBuildFile section */

/* Begin PBXContainerItemProxy section */
		142967362637B10E00E6E0A6 /* PBXContainerItemProxy */ = {
			isa = PBXContainerItemProxy;
			containerPortal = 1429671C2637B10E00E6E0A6 /* Project object */;
			proxyType = 1;
			remoteGlobalIDString = 142967232637B10E00E6E0A6;
			remoteInfo = Quiz;
		};
		142967412637B10E00E6E0A6 /* PBXContainerItemProxy */ = {
			isa = PBXContainerItemProxy;
			containerPortal = 1429671C2637B10E00E6E0A6 /* Project object */;
			proxyType = 1;
			remoteGlobalIDString = 142967232637B10E00E6E0A6;
			remoteInfo = Quiz;
		};
/* End PBXContainerItemProxy section */

/* Begin PBXFileReference section */
		08005AF2040C561932A67AD1 /* Pods-Quiz-QuizUITests.debug.xcconfig */ = {isa = PBXFileReference; includeInIndex = 1; lastKnownFileType = text.xcconfig; name = "Pods-Quiz-QuizUITests.debug.xcconfig"; path = "Target Support Files/Pods-Quiz-QuizUITests/Pods-Quiz-QuizUITests.debug.xcconfig"; sourceTree = "<group>"; };
		142967242637B10E00E6E0A6 /* Quiz.app */ = {isa = PBXFileReference; explicitFileType = wrapper.application; includeInIndex = 0; path = Quiz.app; sourceTree = BUILT_PRODUCTS_DIR; };
		142967272637B10E00E6E0A6 /* QuizApp.swift */ = {isa = PBXFileReference; lastKnownFileType = sourcecode.swift; path = QuizApp.swift; sourceTree = "<group>"; };
		142967292637B10E00E6E0A6 /* ContentView.swift */ = {isa = PBXFileReference; lastKnownFileType = sourcecode.swift; path = ContentView.swift; sourceTree = "<group>"; };
		1429672B2637B10E00E6E0A6 /* Assets.xcassets */ = {isa = PBXFileReference; lastKnownFileType = folder.assetcatalog; path = Assets.xcassets; sourceTree = "<group>"; };
		1429672E2637B10E00E6E0A6 /* Preview Assets.xcassets */ = {isa = PBXFileReference; lastKnownFileType = folder.assetcatalog; path = "Preview Assets.xcassets"; sourceTree = "<group>"; };
		142967302637B10E00E6E0A6 /* Info.plist */ = {isa = PBXFileReference; lastKnownFileType = text.plist.xml; path = Info.plist; sourceTree = "<group>"; };
		142967352637B10E00E6E0A6 /* QuizTests.xctest */ = {isa = PBXFileReference; explicitFileType = wrapper.cfbundle; includeInIndex = 0; path = QuizTests.xctest; sourceTree = BUILT_PRODUCTS_DIR; };
		142967392637B10E00E6E0A6 /* QuizTests.swift */ = {isa = PBXFileReference; lastKnownFileType = sourcecode.swift; path = QuizTests.swift; sourceTree = "<group>"; };
		1429673B2637B10E00E6E0A6 /* Info.plist */ = {isa = PBXFileReference; lastKnownFileType = text.plist.xml; path = Info.plist; sourceTree = "<group>"; };
		142967402637B10E00E6E0A6 /* QuizUITests.xctest */ = {isa = PBXFileReference; explicitFileType = wrapper.cfbundle; includeInIndex = 0; path = QuizUITests.xctest; sourceTree = BUILT_PRODUCTS_DIR; };
		142967442637B10E00E6E0A6 /* QuizUITests.swift */ = {isa = PBXFileReference; lastKnownFileType = sourcecode.swift; path = QuizUITests.swift; sourceTree = "<group>"; };
		142967462637B10E00E6E0A6 /* Info.plist */ = {isa = PBXFileReference; lastKnownFileType = text.plist.xml; path = Info.plist; sourceTree = "<group>"; };
		142967572637B1A400E6E0A6 /* Home.swift */ = {isa = PBXFileReference; lastKnownFileType = sourcecode.swift; path = Home.swift; sourceTree = "<group>"; };
		1429675C2637B8F900E6E0A6 /* QA.swift */ = {isa = PBXFileReference; lastKnownFileType = sourcecode.swift; path = QA.swift; sourceTree = "<group>"; };
		142967762637CE7000E6E0A6 /* GoogleService-Info.plist */ = {isa = PBXFileReference; fileEncoding = 4; lastKnownFileType = text.plist.xml; path = "GoogleService-Info.plist"; sourceTree = "<group>"; };
		1429677B2637CEDE00E6E0A6 /* Question.swift */ = {isa = PBXFileReference; lastKnownFileType = sourcecode.swift; path = Question.swift; sourceTree = "<group>"; };
		17D779D58523127DA8F5DF85 /* Pods-Quiz-QuizUITests.release.xcconfig */ = {isa = PBXFileReference; includeInIndex = 1; lastKnownFileType = text.xcconfig; name = "Pods-Quiz-QuizUITests.release.xcconfig"; path = "Target Support Files/Pods-Quiz-QuizUITests/Pods-Quiz-QuizUITests.release.xcconfig"; sourceTree = "<group>"; };
		3D41053C1C661250BD29AB51 /* Pods_QuizTests.framework */ = {isa = PBXFileReference; explicitFileType = wrapper.framework; includeInIndex = 0; path = Pods_QuizTests.framework; sourceTree = BUILT_PRODUCTS_DIR; };
		3F796809C91FC6119F916AE5 /* Pods-QuizTests.release.xcconfig */ = {isa = PBXFileReference; includeInIndex = 1; lastKnownFileType = text.xcconfig; name = "Pods-QuizTests.release.xcconfig"; path = "Target Support Files/Pods-QuizTests/Pods-QuizTests.release.xcconfig"; sourceTree = "<group>"; };
		4C7106DFF60B53DE0059E03B /* Pods_Quiz_QuizUITests.framework */ = {isa = PBXFileReference; explicitFileType = wrapper.framework; includeInIndex = 0; path = Pods_Quiz_QuizUITests.framework; sourceTree = BUILT_PRODUCTS_DIR; };
		5FAB7A829DBCB737F963D8D1 /* Pods-Quiz.release.xcconfig */ = {isa = PBXFileReference; includeInIndex = 1; lastKnownFileType = text.xcconfig; name = "Pods-Quiz.release.xcconfig"; path = "Target Support Files/Pods-Quiz/Pods-Quiz.release.xcconfig"; sourceTree = "<group>"; };
		7678FD2E39A1B47B162AD54D /* Pods-QuizTests.debug.xcconfig */ = {isa = PBXFileReference; includeInIndex = 1; lastKnownFileType = text.xcconfig; name = "Pods-QuizTests.debug.xcconfig"; path = "Target Support Files/Pods-QuizTests/Pods-QuizTests.debug.xcconfig"; sourceTree = "<group>"; };
		B1B866D4D2211753E4A76CD9 /* Pods_Quiz.framework */ = {isa = PBXFileReference; explicitFileType = wrapper.framework; includeInIndex = 0; path = Pods_Quiz.framework; sourceTree = BUILT_PRODUCTS_DIR; };
		BF25FF0CDC8903E4F7B5DF4B /* Pods-Quiz.debug.xcconfig */ = {isa = PBXFileReference; includeInIndex = 1; lastKnownFileType = text.xcconfig; name = "Pods-Quiz.debug.xcconfig"; path = "Target Support Files/Pods-Quiz/Pods-Quiz.debug.xcconfig"; sourceTree = "<group>"; };
/* End PBXFileReference section */

/* Begin PBXFrameworksBuildPhase section */
		142967212637B10E00E6E0A6 /* Frameworks */ = {
			isa = PBXFrameworksBuildPhase;
			buildActionMask = 2147483647;
			files = (
				4F5CBE9AA019E13FE2E0F50E /* Pods_Quiz.framework in Frameworks */,
			);
			runOnlyForDeploymentPostprocessing = 0;
		};
		142967322637B10E00E6E0A6 /* Frameworks */ = {
			isa = PBXFrameworksBuildPhase;
			buildActionMask = 2147483647;
			files = (
				508F3BAE6675DA0D6978DC0E /* Pods_QuizTests.framework in Frameworks */,
			);
			runOnlyForDeploymentPostprocessing = 0;
		};
		1429673D2637B10E00E6E0A6 /* Frameworks */ = {
			isa = PBXFrameworksBuildPhase;
			buildActionMask = 2147483647;
			files = (
				D0D5977747D66FCF104A3B3D /* Pods_Quiz_QuizUITests.framework in Frameworks */,
			);
			runOnlyForDeploymentPostprocessing = 0;
		};
/* End PBXFrameworksBuildPhase section */

/* Begin PBXGroup section */
		1429671B2637B10E00E6E0A6 = {
			isa = PBXGroup;
			children = (
				142967262637B10E00E6E0A6 /* Quiz */,
				142967382637B10E00E6E0A6 /* QuizTests */,
				142967432637B10E00E6E0A6 /* QuizUITests */,
				142967252637B10E00E6E0A6 /* Products */,
				323E8506F9F4C7B1E4E3044B /* Pods */,
				4A8881322D0C4E9FFF9537D4 /* Frameworks */,
			);
			sourceTree = "<group>";
		};
		142967252637B10E00E6E0A6 /* Products */ = {
			isa = PBXGroup;
			children = (
				142967242637B10E00E6E0A6 /* Quiz.app */,
				142967352637B10E00E6E0A6 /* QuizTests.xctest */,
				142967402637B10E00E6E0A6 /* QuizUITests.xctest */,
			);
			name = Products;
			sourceTree = "<group>";
		};
		142967262637B10E00E6E0A6 /* Quiz */ = {
			isa = PBXGroup;
			children = (
				142967802637D06100E6E0A6 /* ViewModel */,
				142967562637B18E00E6E0A6 /* Model */,
				142967552637B18300E6E0A6 /* View */,
				142967272637B10E00E6E0A6 /* QuizApp.swift */,
				142967292637B10E00E6E0A6 /* ContentView.swift */,
				1429672B2637B10E00E6E0A6 /* Assets.xcassets */,
				142967302637B10E00E6E0A6 /* Info.plist */,
				142967762637CE7000E6E0A6 /* GoogleService-Info.plist */,
				1429672D2637B10E00E6E0A6 /* Preview Content */,
			);
			path = Quiz;
			sourceTree = "<group>";
		};
		1429672D2637B10E00E6E0A6 /* Preview Content */ = {
			isa = PBXGroup;
			children = (
				1429672E2637B10E00E6E0A6 /* Preview Assets.xcassets */,
			);
			path = "Preview Content";
			sourceTree = "<group>";
		};
		142967382637B10E00E6E0A6 /* QuizTests */ = {
			isa = PBXGroup;
			children = (
				142967392637B10E00E6E0A6 /* QuizTests.swift */,
				1429673B2637B10E00E6E0A6 /* Info.plist */,
			);
			path = QuizTests;
			sourceTree = "<group>";
		};
		142967432637B10E00E6E0A6 /* QuizUITests */ = {
			isa = PBXGroup;
			children = (
				142967442637B10E00E6E0A6 /* QuizUITests.swift */,
				142967462637B10E00E6E0A6 /* Info.plist */,
			);
			path = QuizUITests;
			sourceTree = "<group>";
		};
		142967552637B18300E6E0A6 /* View */ = {
			isa = PBXGroup;
			children = (
				142967572637B1A400E6E0A6 /* Home.swift */,
				1429675C2637B8F900E6E0A6 /* QA.swift */,
			);
			path = View;
			sourceTree = "<group>";
		};
		142967562637B18E00E6E0A6 /* Model */ = {
			isa = PBXGroup;
			children = (
				1429677B2637CEDE00E6E0A6 /* Question.swift */,
			);
			path = Model;
			sourceTree = "<group>";
		};
		142967802637D06100E6E0A6 /* ViewModel */ = {
			isa = PBXGroup;
			children = (
			);
			path = ViewModel;
			sourceTree = "<group>";
		};
		323E8506F9F4C7B1E4E3044B /* Pods */ = {
			isa = PBXGroup;
			children = (
				BF25FF0CDC8903E4F7B5DF4B /* Pods-Quiz.debug.xcconfig */,
				5FAB7A829DBCB737F963D8D1 /* Pods-Quiz.release.xcconfig */,
				08005AF2040C561932A67AD1 /* Pods-Quiz-QuizUITests.debug.xcconfig */,
				17D779D58523127DA8F5DF85 /* Pods-Quiz-QuizUITests.release.xcconfig */,
				7678FD2E39A1B47B162AD54D /* Pods-QuizTests.debug.xcconfig */,
				3F796809C91FC6119F916AE5 /* Pods-QuizTests.release.xcconfig */,
			);
			path = Pods;
			sourceTree = "<group>";
		};
		4A8881322D0C4E9FFF9537D4 /* Frameworks */ = {
			isa = PBXGroup;
			children = (
				B1B866D4D2211753E4A76CD9 /* Pods_Quiz.framework */,
				4C7106DFF60B53DE0059E03B /* Pods_Quiz_QuizUITests.framework */,
				3D41053C1C661250BD29AB51 /* Pods_QuizTests.framework */,
			);
			name = Frameworks;
			sourceTree = "<group>";
		};
/* End PBXGroup section */

/* Begin PBXNativeTarget section */
		142967232637B10E00E6E0A6 /* Quiz */ = {
			isa = PBXNativeTarget;
			buildConfigurationList = 142967492637B10E00E6E0A6 /* Build configuration list for PBXNativeTarget "Quiz" */;
			buildPhases = (
				59479F398AD462F7E015D2E1 /* [CP] Check Pods Manifest.lock */,
				142967202637B10E00E6E0A6 /* Sources */,
				142967212637B10E00E6E0A6 /* Frameworks */,
				142967222637B10E00E6E0A6 /* Resources */,
				918241229F4834A51616185C /* [CP] Embed Pods Frameworks */,
			);
			buildRules = (
			);
			dependencies = (
			);
			name = Quiz;
			productName = Quiz;
			productReference = 142967242637B10E00E6E0A6 /* Quiz.app */;
			productType = "com.apple.product-type.application";
		};
		142967342637B10E00E6E0A6 /* QuizTests */ = {
			isa = PBXNativeTarget;
			buildConfigurationList = 1429674C2637B10E00E6E0A6 /* Build configuration list for PBXNativeTarget "QuizTests" */;
			buildPhases = (
				13EFCB183F248399B65C6A63 /* [CP] Check Pods Manifest.lock */,
				142967312637B10E00E6E0A6 /* Sources */,
				142967322637B10E00E6E0A6 /* Frameworks */,
				142967332637B10E00E6E0A6 /* Resources */,
			);
			buildRules = (
			);
			dependencies = (
				142967372637B10E00E6E0A6 /* PBXTargetDependency */,
			);
			name = QuizTests;
			productName = QuizTests;
			productReference = 142967352637B10E00E6E0A6 /* QuizTests.xctest */;
			productType = "com.apple.product-type.bundle.unit-test";
		};
		1429673F2637B10E00E6E0A6 /* QuizUITests */ = {
			isa = PBXNativeTarget;
			buildConfigurationList = 1429674F2637B10E00E6E0A6 /* Build configuration list for PBXNativeTarget "QuizUITests" */;
			buildPhases = (
				E62471786F07045E9E9FF8C0 /* [CP] Check Pods Manifest.lock */,
				1429673C2637B10E00E6E0A6 /* Sources */,
				1429673D2637B10E00E6E0A6 /* Frameworks */,
				1429673E2637B10E00E6E0A6 /* Resources */,
				D12B11ADC8893CEF826F182F /* [CP] Embed Pods Frameworks */,
			);
			buildRules = (
			);
			dependencies = (
				142967422637B10E00E6E0A6 /* PBXTargetDependency */,
			);
			name = QuizUITests;
			productName = QuizUITests;
			productReference = 142967402637B10E00E6E0A6 /* QuizUITests.xctest */;
			productType = "com.apple.product-type.bundle.ui-testing";
		};
/* End PBXNativeTarget section */

/* Begin PBXProject section */
		1429671C2637B10E00E6E0A6 /* Project object */ = {
			isa = PBXProject;
			attributes = {
				LastSwiftUpdateCheck = 1240;
				LastUpgradeCheck = 1240;
				TargetAttributes = {
					142967232637B10E00E6E0A6 = {
						CreatedOnToolsVersion = 12.4;
					};
					142967342637B10E00E6E0A6 = {
						CreatedOnToolsVersion = 12.4;
						TestTargetID = 142967232637B10E00E6E0A6;
					};
					1429673F2637B10E00E6E0A6 = {
						CreatedOnToolsVersion = 12.4;
						TestTargetID = 142967232637B10E00E6E0A6;
					};
				};
			};
			buildConfigurationList = 1429671F2637B10E00E6E0A6 /* Build configuration list for PBXProject "Quiz" */;
			compatibilityVersion = "Xcode 9.3";
			developmentRegion = en;
			hasScannedForEncodings = 0;
			knownRegions = (
				en,
				Base,
			);
			mainGroup = 1429671B2637B10E00E6E0A6;
			productRefGroup = 142967252637B10E00E6E0A6 /* Products */;
			projectDirPath = "";
			projectRoot = "";
			targets = (
				142967232637B10E00E6E0A6 /* Quiz */,
				142967342637B10E00E6E0A6 /* QuizTests */,
				1429673F2637B10E00E6E0A6 /* QuizUITests */,
			);
		};
/* End PBXProject section */

/* Begin PBXResourcesBuildPhase section */
		142967222637B10E00E6E0A6 /* Resources */ = {
			isa = PBXResourcesBuildPhase;
			buildActionMask = 2147483647;
			files = (
				1429672F2637B10E00E6E0A6 /* Preview Assets.xcassets in Resources */,
				1429672C2637B10E00E6E0A6 /* Assets.xcassets in Resources */,
				142967772637CE7000E6E0A6 /* GoogleService-Info.plist in Resources */,
			);
			runOnlyForDeploymentPostprocessing = 0;
		};
		142967332637B10E00E6E0A6 /* Resources */ = {
			isa = PBXResourcesBuildPhase;
			buildActionMask = 2147483647;
			files = (
			);
			runOnlyForDeploymentPostprocessing = 0;
		};
		1429673E2637B10E00E6E0A6 /* Resources */ = {
			isa = PBXResourcesBuildPhase;
			buildActionMask = 2147483647;
			files = (
			);
			runOnlyForDeploymentPostprocessing = 0;
		};
/* End PBXResourcesBuildPhase section */

/* Begin PBXShellScriptBuildPhase section */
		13EFCB183F248399B65C6A63 /* [CP] Check Pods Manifest.lock */ = {
			isa = PBXShellScriptBuildPhase;
			buildActionMask = 2147483647;
			files = (
			);
			inputFileListPaths = (
			);
			inputPaths = (
				"${PODS_PODFILE_DIR_PATH}/Podfile.lock",
				"${PODS_ROOT}/Manifest.lock",
			);
			name = "[CP] Check Pods Manifest.lock";
			outputFileListPaths = (
			);
			outputPaths = (
				"$(DERIVED_FILE_DIR)/Pods-QuizTests-checkManifestLockResult.txt",
			);
			runOnlyForDeploymentPostprocessing = 0;
			shellPath = /bin/sh;
			shellScript = "diff \"${PODS_PODFILE_DIR_PATH}/Podfile.lock\" \"${PODS_ROOT}/Manifest.lock\" > /dev/null\nif [ $? != 0 ] ; then\n    # print error to STDERR\n    echo \"error: The sandbox is not in sync with the Podfile.lock. Run 'pod install' or update your CocoaPods installation.\" >&2\n    exit 1\nfi\n# This output is used by Xcode 'outputs' to avoid re-running this script phase.\necho \"SUCCESS\" > \"${SCRIPT_OUTPUT_FILE_0}\"\n";
			showEnvVarsInLog = 0;
		};
		59479F398AD462F7E015D2E1 /* [CP] Check Pods Manifest.lock */ = {
			isa = PBXShellScriptBuildPhase;
			buildActionMask = 2147483647;
			files = (
			);
			inputFileListPaths = (
			);
			inputPaths = (
				"${PODS_PODFILE_DIR_PATH}/Podfile.lock",
				"${PODS_ROOT}/Manifest.lock",
			);
			name = "[CP] Check Pods Manifest.lock";
			outputFileListPaths = (
			);
			outputPaths = (
				"$(DERIVED_FILE_DIR)/Pods-Quiz-checkManifestLockResult.txt",
			);
			runOnlyForDeploymentPostprocessing = 0;
			shellPath = /bin/sh;
			shellScript = "diff \"${PODS_PODFILE_DIR_PATH}/Podfile.lock\" \"${PODS_ROOT}/Manifest.lock\" > /dev/null\nif [ $? != 0 ] ; then\n    # print error to STDERR\n    echo \"error: The sandbox is not in sync with the Podfile.lock. Run 'pod install' or update your CocoaPods installation.\" >&2\n    exit 1\nfi\n# This output is used by Xcode 'outputs' to avoid re-running this script phase.\necho \"SUCCESS\" > \"${SCRIPT_OUTPUT_FILE_0}\"\n";
			showEnvVarsInLog = 0;
		};
		918241229F4834A51616185C /* [CP] Embed Pods Frameworks */ = {
			isa = PBXShellScriptBuildPhase;
			buildActionMask = 2147483647;
			files = (
			);
			inputFileListPaths = (
				"${PODS_ROOT}/Target Support Files/Pods-Quiz/Pods-Quiz-frameworks-${CONFIGURATION}-input-files.xcfilelist",
			);
			name = "[CP] Embed Pods Frameworks";
			outputFileListPaths = (
				"${PODS_ROOT}/Target Support Files/Pods-Quiz/Pods-Quiz-frameworks-${CONFIGURATION}-output-files.xcfilelist",
			);
			runOnlyForDeploymentPostprocessing = 0;
			shellPath = /bin/sh;
			shellScript = "\"${PODS_ROOT}/Target Support Files/Pods-Quiz/Pods-Quiz-frameworks.sh\"\n";
			showEnvVarsInLog = 0;
		};
		D12B11ADC8893CEF826F182F /* [CP] Embed Pods Frameworks */ = {
			isa = PBXShellScriptBuildPhase;
			buildActionMask = 2147483647;
			files = (
			);
			inputFileListPaths = (
				"${PODS_ROOT}/Target Support Files/Pods-Quiz-QuizUITests/Pods-Quiz-QuizUITests-frameworks-${CONFIGURATION}-input-files.xcfilelist",
			);
			name = "[CP] Embed Pods Frameworks";
			outputFileListPaths = (
				"${PODS_ROOT}/Target Support Files/Pods-Quiz-QuizUITests/Pods-Quiz-QuizUITests-frameworks-${CONFIGURATION}-output-files.xcfilelist",
			);
			runOnlyForDeploymentPostprocessing = 0;
			shellPath = /bin/sh;
			shellScript = "\"${PODS_ROOT}/Target Support Files/Pods-Quiz-QuizUITests/Pods-Quiz-QuizUITests-frameworks.sh\"\n";
			showEnvVarsInLog = 0;
		};
		E62471786F07045E9E9FF8C0 /* [CP] Check Pods Manifest.lock */ = {
			isa = PBXShellScriptBuildPhase;
			buildActionMask = 2147483647;
			files = (
			);
			inputFileListPaths = (
			);
			inputPaths = (
				"${PODS_PODFILE_DIR_PATH}/Podfile.lock",
				"${PODS_ROOT}/Manifest.lock",
			);
			name = "[CP] Check Pods Manifest.lock";
			outputFileListPaths = (
			);
			outputPaths = (
				"$(DERIVED_FILE_DIR)/Pods-Quiz-QuizUITests-checkManifestLockResult.txt",
			);
			runOnlyForDeploymentPostprocessing = 0;
			shellPath = /bin/sh;
			shellScript = "diff \"${PODS_PODFILE_DIR_PATH}/Podfile.lock\" \"${PODS_ROOT}/Manifest.lock\" > /dev/null\nif [ $? != 0 ] ; then\n    # print error to STDERR\n    echo \"error: The sandbox is not in sync with the Podfile.lock. Run 'pod install' or update your CocoaPods installation.\" >&2\n    exit 1\nfi\n# This output is used by Xcode 'outputs' to avoid re-running this script phase.\necho \"SUCCESS\" > \"${SCRIPT_OUTPUT_FILE_0}\"\n";
			showEnvVarsInLog = 0;
		};
/* End PBXShellScriptBuildPhase section */

/* Begin PBXSourcesBuildPhase section */
		142967202637B10E00E6E0A6 /* Sources */ = {
			isa = PBXSourcesBuildPhase;
			buildActionMask = 2147483647;
			files = (
				1429677C2637CEDE00E6E0A6 /* Question.swift in Sources */,
				1429672A2637B10E00E6E0A6 /* ContentView.swift in Sources */,
				1429675D2637B8F900E6E0A6 /* QA.swift in Sources */,
				142967582637B1A400E6E0A6 /* Home.swift in Sources */,
				142967282637B10E00E6E0A6 /* QuizApp.swift in Sources */,
			);
			runOnlyForDeploymentPostprocessing = 0;
		};
		142967312637B10E00E6E0A6 /* Sources */ = {
			isa = PBXSourcesBuildPhase;
			buildActionMask = 2147483647;
			files = (
				1429673A2637B10E00E6E0A6 /* QuizTests.swift in Sources */,
			);
			runOnlyForDeploymentPostprocessing = 0;
		};
		1429673C2637B10E00E6E0A6 /* Sources */ = {
			isa = PBXSourcesBuildPhase;
			buildActionMask = 2147483647;
			files = (
				142967452637B10E00E6E0A6 /* QuizUITests.swift in Sources */,
			);
			runOnlyForDeploymentPostprocessing = 0;
		};
/* End PBXSourcesBuildPhase section */

/* Begin PBXTargetDependency section */
		142967372637B10E00E6E0A6 /* PBXTargetDependency */ = {
			isa = PBXTargetDependency;
			target = 142967232637B10E00E6E0A6 /* Quiz */;
			targetProxy = 142967362637B10E00E6E0A6 /* PBXContainerItemProxy */;
		};
		142967422637B10E00E6E0A6 /* PBXTargetDependency */ = {
			isa = PBXTargetDependency;
			target = 142967232637B10E00E6E0A6 /* Quiz */;
			targetProxy = 142967412637B10E00E6E0A6 /* PBXContainerItemProxy */;
		};
/* End PBXTargetDependency section */

/* Begin XCBuildConfiguration section */
		142967472637B10E00E6E0A6 /* Debug */ = {
			isa = XCBuildConfiguration;
			buildSettings = {
				ALWAYS_SEARCH_USER_PATHS = NO;
				CLANG_ANALYZER_NONNULL = YES;
				CLANG_ANALYZER_NUMBER_OBJECT_CONVERSION = YES_AGGRESSIVE;
				CLANG_CXX_LANGUAGE_STANDARD = "gnu++14";
				CLANG_CXX_LIBRARY = "libc++";
				CLANG_ENABLE_MODULES = YES;
				CLANG_ENABLE_OBJC_ARC = YES;
				CLANG_ENABLE_OBJC_WEAK = YES;
				CLANG_WARN_BLOCK_CAPTURE_AUTORELEASING = YES;
				CLANG_WARN_BOOL_CONVERSION = YES;
				CLANG_WARN_COMMA = YES;
				CLANG_WARN_CONSTANT_CONVERSION = YES;
				CLANG_WARN_DEPRECATED_OBJC_IMPLEMENTATIONS = YES;
				CLANG_WARN_DIRECT_OBJC_ISA_USAGE = YES_ERROR;
				CLANG_WARN_DOCUMENTATION_COMMENTS = YES;
				CLANG_WARN_EMPTY_BODY = YES;
				CLANG_WARN_ENUM_CONVERSION = YES;
				CLANG_WARN_INFINITE_RECURSION = YES;
				CLANG_WARN_INT_CONVERSION = YES;
				CLANG_WARN_NON_LITERAL_NULL_CONVERSION = YES;
				CLANG_WARN_OBJC_IMPLICIT_RETAIN_SELF = YES;
				CLANG_WARN_OBJC_LITERAL_CONVERSION = YES;
				CLANG_WARN_OBJC_ROOT_CLASS = YES_ERROR;
				CLANG_WARN_QUOTED_INCLUDE_IN_FRAMEWORK_HEADER = YES;
				CLANG_WARN_RANGE_LOOP_ANALYSIS = YES;
				CLANG_WARN_STRICT_PROTOTYPES = YES;
				CLANG_WARN_SUSPICIOUS_MOVE = YES;
				CLANG_WARN_UNGUARDED_AVAILABILITY = YES_AGGRESSIVE;
				CLANG_WARN_UNREACHABLE_CODE = YES;
				CLANG_WARN__DUPLICATE_METHOD_MATCH = YES;
				COPY_PHASE_STRIP = NO;
				DEBUG_INFORMATION_FORMAT = dwarf;
				ENABLE_STRICT_OBJC_MSGSEND = YES;
				ENABLE_TESTABILITY = YES;
				GCC_C_LANGUAGE_STANDARD = gnu11;
				GCC_DYNAMIC_NO_PIC = NO;
				GCC_NO_COMMON_BLOCKS = YES;
				GCC_OPTIMIZATION_LEVEL = 0;
				GCC_PREPROCESSOR_DEFINITIONS = (
					"DEBUG=1",
					"$(inherited)",
				);
				GCC_WARN_64_TO_32_BIT_CONVERSION = YES;
				GCC_WARN_ABOUT_RETURN_TYPE = YES_ERROR;
				GCC_WARN_UNDECLARED_SELECTOR = YES;
				GCC_WARN_UNINITIALIZED_AUTOS = YES_AGGRESSIVE;
				GCC_WARN_UNUSED_FUNCTION = YES;
				GCC_WARN_UNUSED_VARIABLE = YES;
				IPHONEOS_DEPLOYMENT_TARGET = 14.4;
				MTL_ENABLE_DEBUG_INFO = INCLUDE_SOURCE;
				MTL_FAST_MATH = YES;
				ONLY_ACTIVE_ARCH = YES;
				SDKROOT = iphoneos;
				SWIFT_ACTIVE_COMPILATION_CONDITIONS = DEBUG;
				SWIFT_OPTIMIZATION_LEVEL = "-Onone";
			};
			name = Debug;
		};
		142967482637B10E00E6E0A6 /* Release */ = {
			isa = XCBuildConfiguration;
			buildSettings = {
				ALWAYS_SEARCH_USER_PATHS = NO;
				CLANG_ANALYZER_NONNULL = YES;
				CLANG_ANALYZER_NUMBER_OBJECT_CONVERSION = YES_AGGRESSIVE;
				CLANG_CXX_LANGUAGE_STANDARD = "gnu++14";
				CLANG_CXX_LIBRARY = "libc++";
				CLANG_ENABLE_MODULES = YES;
				CLANG_ENABLE_OBJC_ARC = YES;
				CLANG_ENABLE_OBJC_WEAK = YES;
				CLANG_WARN_BLOCK_CAPTURE_AUTORELEASING = YES;
				CLANG_WARN_BOOL_CONVERSION = YES;
				CLANG_WARN_COMMA = YES;
				CLANG_WARN_CONSTANT_CONVERSION = YES;
				CLANG_WARN_DEPRECATED_OBJC_IMPLEMENTATIONS = YES;
				CLANG_WARN_DIRECT_OBJC_ISA_USAGE = YES_ERROR;
				CLANG_WARN_DOCUMENTATION_COMMENTS = YES;
				CLANG_WARN_EMPTY_BODY = YES;
				CLANG_WARN_ENUM_CONVERSION = YES;
				CLANG_WARN_INFINITE_RECURSION = YES;
				CLANG_WARN_INT_CONVERSION = YES;
				CLANG_WARN_NON_LITERAL_NULL_CONVERSION = YES;
				CLANG_WARN_OBJC_IMPLICIT_RETAIN_SELF = YES;
				CLANG_WARN_OBJC_LITERAL_CONVERSION = YES;
				CLANG_WARN_OBJC_ROOT_CLASS = YES_ERROR;
				CLANG_WARN_QUOTED_INCLUDE_IN_FRAMEWORK_HEADER = YES;
				CLANG_WARN_RANGE_LOOP_ANALYSIS = YES;
				CLANG_WARN_STRICT_PROTOTYPES = YES;
				CLANG_WARN_SUSPICIOUS_MOVE = YES;
				CLANG_WARN_UNGUARDED_AVAILABILITY = YES_AGGRESSIVE;
				CLANG_WARN_UNREACHABLE_CODE = YES;
				CLANG_WARN__DUPLICATE_METHOD_MATCH = YES;
				COPY_PHASE_STRIP = NO;
				DEBUG_INFORMATION_FORMAT = "dwarf-with-dsym";
				ENABLE_NS_ASSERTIONS = NO;
				ENABLE_STRICT_OBJC_MSGSEND = YES;
				GCC_C_LANGUAGE_STANDARD = gnu11;
				GCC_NO_COMMON_BLOCKS = YES;
				GCC_WARN_64_TO_32_BIT_CONVERSION = YES;
				GCC_WARN_ABOUT_RETURN_TYPE = YES_ERROR;
				GCC_WARN_UNDECLARED_SELECTOR = YES;
				GCC_WARN_UNINITIALIZED_AUTOS = YES_AGGRESSIVE;
				GCC_WARN_UNUSED_FUNCTION = YES;
				GCC_WARN_UNUSED_VARIABLE = YES;
				IPHONEOS_DEPLOYMENT_TARGET = 14.4;
				MTL_ENABLE_DEBUG_INFO = NO;
				MTL_FAST_MATH = YES;
				SDKROOT = iphoneos;
				SWIFT_COMPILATION_MODE = wholemodule;
				SWIFT_OPTIMIZATION_LEVEL = "-O";
				VALIDATE_PRODUCT = YES;
			};
			name = Release;
		};
		1429674A2637B10E00E6E0A6 /* Debug */ = {
			isa = XCBuildConfiguration;
			baseConfigurationReference = BF25FF0CDC8903E4F7B5DF4B /* Pods-Quiz.debug.xcconfig */;
			buildSettings = {
				ASSETCATALOG_COMPILER_APPICON_NAME = AppIcon;
				ASSETCATALOG_COMPILER_GLOBAL_ACCENT_COLOR_NAME = AccentColor;
				CODE_SIGN_STYLE = Automatic;
				DEVELOPMENT_ASSET_PATHS = "\"Quiz/Preview Content\"";
				DEVELOPMENT_TEAM = 67J949XXJM;
				ENABLE_PREVIEWS = YES;
				INFOPLIST_FILE = Quiz/Info.plist;
				IPHONEOS_DEPLOYMENT_TARGET = 14.0;
				LD_RUNPATH_SEARCH_PATHS = (
					"$(inherited)",
					"@executable_path/Frameworks",
				);
				PRODUCT_BUNDLE_IDENTIFIER = com.andylochan.Quiz;
				PRODUCT_NAME = "$(TARGET_NAME)";
				SWIFT_VERSION = 5.0;
				TARGETED_DEVICE_FAMILY = "1,2";
			};
			name = Debug;
		};
		1429674B2637B10E00E6E0A6 /* Release */ = {
			isa = XCBuildConfiguration;
			baseConfigurationReference = 5FAB7A829DBCB737F963D8D1 /* Pods-Quiz.release.xcconfig */;
			buildSettings = {
				ASSETCATALOG_COMPILER_APPICON_NAME = AppIcon;
				ASSETCATALOG_COMPILER_GLOBAL_ACCENT_COLOR_NAME = AccentColor;
				CODE_SIGN_STYLE = Automatic;
				DEVELOPMENT_ASSET_PATHS = "\"Quiz/Preview Content\"";
				DEVELOPMENT_TEAM = 67J949XXJM;
				ENABLE_PREVIEWS = YES;
				INFOPLIST_FILE = Quiz/Info.plist;
				IPHONEOS_DEPLOYMENT_TARGET = 14.0;
				LD_RUNPATH_SEARCH_PATHS = (
					"$(inherited)",
					"@executable_path/Frameworks",
				);
				PRODUCT_BUNDLE_IDENTIFIER = com.andylochan.Quiz;
				PRODUCT_NAME = "$(TARGET_NAME)";
				SWIFT_VERSION = 5.0;
				TARGETED_DEVICE_FAMILY = "1,2";
			};
			name = Release;
		};
		1429674D2637B10E00E6E0A6 /* Debug */ = {
			isa = XCBuildConfiguration;
			baseConfigurationReference = 7678FD2E39A1B47B162AD54D /* Pods-QuizTests.debug.xcconfig */;
			buildSettings = {
				ALWAYS_EMBED_SWIFT_STANDARD_LIBRARIES = YES;
				BUNDLE_LOADER = "$(TEST_HOST)";
				CODE_SIGN_STYLE = Automatic;
				DEVELOPMENT_TEAM = 67J949XXJM;
				INFOPLIST_FILE = QuizTests/Info.plist;
				IPHONEOS_DEPLOYMENT_TARGET = 14.0;
				LD_RUNPATH_SEARCH_PATHS = (
					"$(inherited)",
					"@executable_path/Frameworks",
					"@loader_path/Frameworks",
				);
				PRODUCT_BUNDLE_IDENTIFIER = com.andylochan.QuizTests;
				PRODUCT_NAME = "$(TARGET_NAME)";
				SWIFT_VERSION = 5.0;
				TARGETED_DEVICE_FAMILY = "1,2";
				TEST_HOST = "$(BUILT_PRODUCTS_DIR)/Quiz.app/Quiz";
			};
			name = Debug;
		};
		1429674E2637B10E00E6E0A6 /* Release */ = {
			isa = XCBuildConfiguration;
			baseConfigurationReference = 3F796809C91FC6119F916AE5 /* Pods-QuizTests.release.xcconfig */;
			buildSettings = {
				ALWAYS_EMBED_SWIFT_STANDARD_LIBRARIES = YES;
				BUNDLE_LOADER = "$(TEST_HOST)";
				CODE_SIGN_STYLE = Automatic;
				DEVELOPMENT_TEAM = 67J949XXJM;
				INFOPLIST_FILE = QuizTests/Info.plist;
				IPHONEOS_DEPLOYMENT_TARGET = 14.0;
				LD_RUNPATH_SEARCH_PATHS = (
					"$(inherited)",
					"@executable_path/Frameworks",
					"@loader_path/Frameworks",
				);
				PRODUCT_BUNDLE_IDENTIFIER = com.andylochan.QuizTests;
				PRODUCT_NAME = "$(TARGET_NAME)";
				SWIFT_VERSION = 5.0;
				TARGETED_DEVICE_FAMILY = "1,2";
				TEST_HOST = "$(BUILT_PRODUCTS_DIR)/Quiz.app/Quiz";
			};
			name = Release;
		};
		142967502637B10E00E6E0A6 /* Debug */ = {
			isa = XCBuildConfiguration;
			baseConfigurationReference = 08005AF2040C561932A67AD1 /* Pods-Quiz-QuizUITests.debug.xcconfig */;
			buildSettings = {
				ALWAYS_EMBED_SWIFT_STANDARD_LIBRARIES = YES;
				CODE_SIGN_STYLE = Automatic;
				DEVELOPMENT_TEAM = 67J949XXJM;
				INFOPLIST_FILE = QuizUITests/Info.plist;
				LD_RUNPATH_SEARCH_PATHS = (
					"$(inherited)",
					"@executable_path/Frameworks",
					"@loader_path/Frameworks",
				);
				PRODUCT_BUNDLE_IDENTIFIER = com.andylochan.QuizUITests;
				PRODUCT_NAME = "$(TARGET_NAME)";
				SWIFT_VERSION = 5.0;
				TARGETED_DEVICE_FAMILY = "1,2";
				TEST_TARGET_NAME = Quiz;
			};
			name = Debug;
		};
		142967512637B10E00E6E0A6 /* Release */ = {
			isa = XCBuildConfiguration;
			baseConfigurationReference = 17D779D58523127DA8F5DF85 /* Pods-Quiz-QuizUITests.release.xcconfig */;
			buildSettings = {
				ALWAYS_EMBED_SWIFT_STANDARD_LIBRARIES = YES;
				CODE_SIGN_STYLE = Automatic;
				DEVELOPMENT_TEAM = 67J949XXJM;
				INFOPLIST_FILE = QuizUITests/Info.plist;
				LD_RUNPATH_SEARCH_PATHS = (
					"$(inherited)",
					"@executable_path/Frameworks",
					"@loader_path/Frameworks",
				);
				PRODUCT_BUNDLE_IDENTIFIER = com.andylochan.QuizUITests;
				PRODUCT_NAME = "$(TARGET_NAME)";
				SWIFT_VERSION = 5.0;
				TARGETED_DEVICE_FAMILY = "1,2";
				TEST_TARGET_NAME = Quiz;
			};
			name = Release;
		};
/* End XCBuildConfiguration section */

/* Begin XCConfigurationList section */
		1429671F2637B10E00E6E0A6 /* Build configuration list for PBXProject "Quiz" */ = {
			isa = XCConfigurationList;
			buildConfigurations = (
				142967472637B10E00E6E0A6 /* Debug */,
				142967482637B10E00E6E0A6 /* Release */,
			);
			defaultConfigurationIsVisible = 0;
			defaultConfigurationName = Release;
		};
		142967492637B10E00E6E0A6 /* Build configuration list for PBXNativeTarget "Quiz" */ = {
			isa = XCConfigurationList;
			buildConfigurations = (
				1429674A2637B10E00E6E0A6 /* Debug */,
				1429674B2637B10E00E6E0A6 /* Release */,
			);
			defaultConfigurationIsVisible = 0;
			defaultConfigurationName = Release;
		};
		1429674C2637B10E00E6E0A6 /* Build configuration list for PBXNativeTarget "QuizTests" */ = {
			isa = XCConfigurationList;
			buildConfigurations = (
				1429674D2637B10E00E6E0A6 /* Debug */,
				1429674E2637B10E00E6E0A6 /* Release */,
			);
			defaultConfigurationIsVisible = 0;
			defaultConfigurationName = Release;
		};
		1429674F2637B10E00E6E0A6 /* Build configuration list for PBXNativeTarget "QuizUITests" */ = {
			isa = XCConfigurationList;
			buildConfigurations = (
				142967502637B10E00E6E0A6 /* Debug */,
				142967512637B10E00E6E0A6 /* Release */,
			);
			defaultConfigurationIsVisible = 0;
			defaultConfigurationName = Release;
		};
/* End XCConfigurationList section */
	};
	rootObject = 1429671C2637B10E00E6E0A6 /* Project object */;
}
